Microsoft Visual Studio Solution File, Format Version 12.00
# Visual Studio Version 17
VisualStudioVersion = 17.10.35013.160
MinimumVisualStudioVersion = 10.0.40219.1
Project("{FAE04EC0-301F-11D3-BF4B-00C04F79EFBC}") = "AspireAppTest.AppHost", "AspireAppTest.AppHost\AspireAppTest.AppHost.csproj", "{89B6FC42-0578-4F93-BAA1-D7E6281AACA6}"
EndProject
Project("{9A19103F-16F7-4668-BE54-9A1E7A4F7556}") = "AspireAppTest.ServiceDefaults", "AspireAppTest.ServiceDefaults\AspireAppTest.ServiceDefaults.csproj", "{F1AC8B05-0DA2-4B2C-997E-3FF33CD78002}"
EndProject
Project("{9A19103F-16F7-4668-BE54-9A1E7A4F7556}") = "AspireAppTest.ApiService", "AspireAppTest.ApiService\AspireAppTest.ApiService.csproj", "{340433F0-6EC5-4874-9371-CFCFC0BCCB64}"
EndProject
Global
	GlobalSection(SolutionConfigurationPlatforms) = preSolution
		Debug|Any CPU = Debug|Any CPU
		Release|Any CPU = Release|Any CPU
	EndGlobalSection
	GlobalSection(ProjectConfigurationPlatforms) = postSolution
		{89B6FC42-0578-4F93-BAA1-D7E6281AACA6}.Debug|Any CPU.ActiveCfg = Debug|Any CPU
		{89B6FC42-0578-4F93-BAA1-D7E6281AACA6}.Debug|Any CPU.Build.0 = Debug|Any CPU
		{89B6FC42-0578-4F93-BAA1-D7E6281AACA6}.Release|Any CPU.ActiveCfg = Release|Any CPU
		{89B6FC42-0578-4F93-BAA1-D7E6281AACA6}.Release|Any CPU.Build.0 = Release|Any CPU
		{F1AC8B05-0DA2-4B2C-997E-3FF33CD78002}.Debug|Any CPU.ActiveCfg = Debug|Any CPU
		{F1AC8B05-0DA2-4B2C-997E-3FF33CD78002}.Debug|Any CPU.Build.0 = Debug|Any CPU
		{F1AC8B05-0DA2-4B2C-997E-3FF33CD78002}.Release|Any CPU.ActiveCfg = Release|Any CPU
		{F1AC8B05-0DA2-4B2C-997E-3FF33CD78002}.Release|Any CPU.Build.0 = Release|Any CPU
		{340433F0-6EC5-4874-9371-CFCFC0BCCB64}.Debug|Any CPU.ActiveCfg = Debug|Any CPU
		{340433F0-6EC5-4874-9371-CFCFC0BCCB64}.Debug|Any CPU.Build.0 = Debug|Any CPU
		{340433F0-6EC5-4874-9371-CFCFC0BCCB64}.Release|Any CPU.ActiveCfg = Release|Any CPU
		{340433F0-6EC5-4874-9371-CFCFC0BCCB64}.Release|Any CPU.Build.0 = Release|Any CPU
	EndGlobalSection
	GlobalSection(SolutionProperties) = preSolution
		HideSolutionNode = FALSE
	EndGlobalSection
	GlobalSection(ExtensibilityGlobals) = postSolution
		SolutionGuid = {EFEDA9A9-0D92-402D-AEFF-D3292F79871C}
	EndGlobalSection
EndGlobal
